
Microsoft Visual Studio Solution File, Format Version 12.00
# Visual Studio Version 16
VisualStudioVersion = 16.0.29728.190
MinimumVisualStudioVersion = 10.0.40219.1
Project("{FAE04EC0-301F-11D3-BF4B-00C04F79EFBC}") = "Turnitin Exporter", "Turnitin Exporter\Turnitin Exporter.csproj", "{348FE5CF-0A8A-4524-8F27-540E7598D4A4}"
EndProject
Project("{FAE04EC0-301F-11D3-BF4B-00C04F79EFBC}") = "Turnitin Exporter Testing Unit", "Turnitin Exporter Testing Unit\Turnitin Exporter Testing Unit.csproj", "{476948C1-E8AA-4C0C-B381-57006032066D}"
EndProject
Global
	GlobalSection(SolutionConfigurationPlatforms) = preSolution
		Debug|Any CPU = Debug|Any CPU
		Release|Any CPU = Release|Any CPU
	EndGlobalSection
	GlobalSection(ProjectConfigurationPlatforms) = postSolution
		{348FE5CF-0A8A-4524-8F27-540E7598D4A4}.Debug|Any CPU.ActiveCfg = Debug|Any CPU
		{348FE5CF-0A8A-4524-8F27-540E7598D4A4}.Debug|Any CPU.Build.0 = Debug|Any CPU
		{348FE5CF-0A8A-4524-8F27-540E7598D4A4}.Release|Any CPU.ActiveCfg = Release|Any CPU
		{348FE5CF-0A8A-4524-8F27-540E7598D4A4}.Release|Any CPU.Build.0 = Release|Any CPU
		{476948C1-E8AA-4C0C-B381-57006032066D}.Debug|Any CPU.ActiveCfg = Debug|Any CPU
		{476948C1-E8AA-4C0C-B381-57006032066D}.Debug|Any CPU.Build.0 = Debug|Any CPU
		{476948C1-E8AA-4C0C-B381-57006032066D}.Release|Any CPU.ActiveCfg = Release|Any CPU
		{476948C1-E8AA-4C0C-B381-57006032066D}.Release|Any CPU.Build.0 = Release|Any CPU
	EndGlobalSection
	GlobalSection(SolutionProperties) = preSolution
		HideSolutionNode = FALSE
	EndGlobalSection
	GlobalSection(ExtensibilityGlobals) = postSolution
		SolutionGuid = {30B80BD3-4182-4BE1-9FCD-3113BEA795AE}
	EndGlobalSection
EndGlobal
